// !$*UTF8*$!
{
	archiveVersion = 1;
	classes = {
	};
	objectVersion = 46;
	objects = {

/* Begin PBXBuildFile section */
		83EBB4071C6220ED007E3722 /* main.m in Sources */ = {isa = PBXBuildFile; fileRef = 83EBB4061C6220ED007E3722 /* main.m */; };
		83EBB40A1C6220ED007E3722 /* SUNAppDelegate.m in Sources */ = {isa = PBXBuildFile; fileRef = 83EBB4091C6220ED007E3722 /* SUNAppDelegate.m */; };
		83EBB40D1C6220ED007E3722 /* SUNViewController.m in Sources */ = {isa = PBXBuildFile; fileRef = 83EBB40C1C6220ED007E3722 /* SUNViewController.m */; };
		83EBB4101C6220ED007E3722 /* Main.storyboard in Resources */ = {isa = PBXBuildFile; fileRef = 83EBB40E1C6220ED007E3722 /* Main.storyboard */; };
		83EBB4121C6220ED007E3722 /* Assets.xcassets in Resources */ = {isa = PBXBuildFile; fileRef = 83EBB4111C6220ED007E3722 /* Assets.xcassets */; };
		83EBB4151C6220ED007E3722 /* LaunchScreen.storyboard in Resources */ = {isa = PBXBuildFile; fileRef = 83EBB4131C6220ED007E3722 /* LaunchScreen.storyboard */; };
		83EBB4201C6220ED007E3722 /* PartyMakerTests.m in Sources */ = {isa = PBXBuildFile; fileRef = 83EBB41F1C6220ED007E3722 /* PartyMakerTests.m */; };
		83EBB42B1C6220ED007E3722 /* PartyMakerUITests.m in Sources */ = {isa = PBXBuildFile; fileRef = 83EBB42A1C6220ED007E3722 /* PartyMakerUITests.m */; };
		83EBB43A1C622DA5007E3722 /* SUNMakingPartyVC.m in Sources */ = {isa = PBXBuildFile; fileRef = 83EBB4391C622DA5007E3722 /* SUNMakingPartyVC.m */; };
/* End PBXBuildFile section */

/* Begin PBXContainerItemProxy section */
		83EBB41C1C6220ED007E3722 /* PBXContainerItemProxy */ = {
			isa = PBXContainerItemProxy;
			containerPortal = 83EBB3FA1C6220ED007E3722 /* Project object */;
			proxyType = 1;
			remoteGlobalIDString = 83EBB4011C6220ED007E3722;
			remoteInfo = PartyMaker;
		};
		83EBB4271C6220ED007E3722 /* PBXContainerItemProxy */ = {
			isa = PBXContainerItemProxy;
			containerPortal = 83EBB3FA1C6220ED007E3722 /* Project object */;
			proxyType = 1;
			remoteGlobalIDString = 83EBB4011C6220ED007E3722;
			remoteInfo = PartyMaker;
		};
/* End PBXContainerItemProxy section */

/* Begin PBXFileReference section */
		83EBB4021C6220ED007E3722 /* PartyMaker.app */ = {isa = PBXFileReference; explicitFileType = wrapper.application; includeInIndex = 0; path = PartyMaker.app; sourceTree = BUILT_PRODUCTS_DIR; };
		83EBB4061C6220ED007E3722 /* main.m */ = {isa = PBXFileReference; lastKnownFileType = sourcecode.c.objc; path = main.m; sourceTree = "<group>"; };
		83EBB4081C6220ED007E3722 /* SUNAppDelegate.h */ = {isa = PBXFileReference; lastKnownFileType = sourcecode.c.h; path = SUNAppDelegate.h; sourceTree = "<group>"; };
		83EBB4091C6220ED007E3722 /* SUNAppDelegate.m */ = {isa = PBXFileReference; lastKnownFileType = sourcecode.c.objc; path = SUNAppDelegate.m; sourceTree = "<group>"; };
		83EBB40B1C6220ED007E3722 /* SUNViewController.h */ = {isa = PBXFileReference; lastKnownFileType = sourcecode.c.h; path = SUNViewController.h; sourceTree = "<group>"; };
		83EBB40C1C6220ED007E3722 /* SUNViewController.m */ = {isa = PBXFileReference; lastKnownFileType = sourcecode.c.objc; path = SUNViewController.m; sourceTree = "<group>"; };
		83EBB40F1C6220ED007E3722 /* Base */ = {isa = PBXFileReference; lastKnownFileType = file.storyboard; name = Base; path = Base.lproj/Main.storyboard; sourceTree = "<group>"; };
		83EBB4111C6220ED007E3722 /* Assets.xcassets */ = {isa = PBXFileReference; lastKnownFileType = folder.assetcatalog; path = Assets.xcassets; sourceTree = "<group>"; };
		83EBB4141C6220ED007E3722 /* Base */ = {isa = PBXFileReference; lastKnownFileType = file.storyboard; name = Base; path = Base.lproj/LaunchScreen.storyboard; sourceTree = "<group>"; };
		83EBB4161C6220ED007E3722 /* Info.plist */ = {isa = PBXFileReference; lastKnownFileType = text.plist.xml; path = Info.plist; sourceTree = "<group>"; };
		83EBB41B1C6220ED007E3722 /* PartyMakerTests.xctest */ = {isa = PBXFileReference; explicitFileType = wrapper.cfbundle; includeInIndex = 0; path = PartyMakerTests.xctest; sourceTree = BUILT_PRODUCTS_DIR; };
		83EBB41F1C6220ED007E3722 /* PartyMakerTests.m */ = {isa = PBXFileReference; lastKnownFileType = sourcecode.c.objc; path = PartyMakerTests.m; sourceTree = "<group>"; };
		83EBB4211C6220ED007E3722 /* Info.plist */ = {isa = PBXFileReference; lastKnownFileType = text.plist.xml; path = Info.plist; sourceTree = "<group>"; };
		83EBB4261C6220ED007E3722 /* PartyMakerUITests.xctest */ = {isa = PBXFileReference; explicitFileType = wrapper.cfbundle; includeInIndex = 0; path = PartyMakerUITests.xctest; sourceTree = BUILT_PRODUCTS_DIR; };
		83EBB42A1C6220ED007E3722 /* PartyMakerUITests.m */ = {isa = PBXFileReference; lastKnownFileType = sourcecode.c.objc; path = PartyMakerUITests.m; sourceTree = "<group>"; };
		83EBB42C1C6220ED007E3722 /* Info.plist */ = {isa = PBXFileReference; lastKnownFileType = text.plist.xml; path = Info.plist; sourceTree = "<group>"; };
		83EBB4381C622DA5007E3722 /* SUNMakingPartyVC.h */ = {isa = PBXFileReference; fileEncoding = 4; lastKnownFileType = sourcecode.c.h; path = SUNMakingPartyVC.h; sourceTree = "<group>"; };
		83EBB4391C622DA5007E3722 /* SUNMakingPartyVC.m */ = {isa = PBXFileReference; fileEncoding = 4; lastKnownFileType = sourcecode.c.objc; path = SUNMakingPartyVC.m; sourceTree = "<group>"; };
/* End PBXFileReference section */

/* Begin PBXFrameworksBuildPhase section */
		83EBB3FF1C6220ED007E3722 /* Frameworks */ = {
			isa = PBXFrameworksBuildPhase;
			buildActionMask = 2147483647;
			files = (
			);
			runOnlyForDeploymentPostprocessing = 0;
		};
		83EBB4181C6220ED007E3722 /* Frameworks */ = {
			isa = PBXFrameworksBuildPhase;
			buildActionMask = 2147483647;
			files = (
			);
			runOnlyForDeploymentPostprocessing = 0;
		};
		83EBB4231C6220ED007E3722 /* Frameworks */ = {
			isa = PBXFrameworksBuildPhase;
			buildActionMask = 2147483647;
			files = (
			);
			runOnlyForDeploymentPostprocessing = 0;
		};
/* End PBXFrameworksBuildPhase section */

/* Begin PBXGroup section */
		83EBB3F91C6220ED007E3722 = {
			isa = PBXGroup;
			children = (
				83EBB4041C6220ED007E3722 /* PartyMaker */,
				83EBB41E1C6220ED007E3722 /* PartyMakerTests */,
				83EBB4291C6220ED007E3722 /* PartyMakerUITests */,
				83EBB4031C6220ED007E3722 /* Products */,
			);
			sourceTree = "<group>";
		};
		83EBB4031C6220ED007E3722 /* Products */ = {
			isa = PBXGroup;
			children = (
				83EBB4021C6220ED007E3722 /* PartyMaker.app */,
				83EBB41B1C6220ED007E3722 /* PartyMakerTests.xctest */,
				83EBB4261C6220ED007E3722 /* PartyMakerUITests.xctest */,
			);
			name = Products;
			sourceTree = "<group>";
		};
		83EBB4041C6220ED007E3722 /* PartyMaker */ = {
			isa = PBXGroup;
			children = (
				83EBB4081C6220ED007E3722 /* SUNAppDelegate.h */,
				83EBB4091C6220ED007E3722 /* SUNAppDelegate.m */,
				83EBB40B1C6220ED007E3722 /* SUNViewController.h */,
				83EBB40C1C6220ED007E3722 /* SUNViewController.m */,
				83EBB4381C622DA5007E3722 /* SUNMakingPartyVC.h */,
				83EBB4391C622DA5007E3722 /* SUNMakingPartyVC.m */,
				83EBB40E1C6220ED007E3722 /* Main.storyboard */,
				83EBB4111C6220ED007E3722 /* Assets.xcassets */,
				83EBB4131C6220ED007E3722 /* LaunchScreen.storyboard */,
				83EBB4161C6220ED007E3722 /* Info.plist */,
				83EBB4051C6220ED007E3722 /* Supporting Files */,
			);
			path = PartyMaker;
			sourceTree = "<group>";
		};
		83EBB4051C6220ED007E3722 /* Supporting Files */ = {
			isa = PBXGroup;
			children = (
				83EBB4061C6220ED007E3722 /* main.m */,
			);
			name = "Supporting Files";
			sourceTree = "<group>";
		};
		83EBB41E1C6220ED007E3722 /* PartyMakerTests */ = {
			isa = PBXGroup;
			children = (
				83EBB41F1C6220ED007E3722 /* PartyMakerTests.m */,
				83EBB4211C6220ED007E3722 /* Info.plist */,
			);
			path = PartyMakerTests;
			sourceTree = "<group>";
		};
		83EBB4291C6220ED007E3722 /* PartyMakerUITests */ = {
			isa = PBXGroup;
			children = (
				83EBB42A1C6220ED007E3722 /* PartyMakerUITests.m */,
				83EBB42C1C6220ED007E3722 /* Info.plist */,
			);
			path = PartyMakerUITests;
			sourceTree = "<group>";
		};
/* End PBXGroup section */

/* Begin PBXNativeTarget section */
		83EBB4011C6220ED007E3722 /* PartyMaker */ = {
			isa = PBXNativeTarget;
			buildConfigurationList = 83EBB42F1C6220ED007E3722 /* Build configuration list for PBXNativeTarget "PartyMaker" */;
			buildPhases = (
				83EBB3FE1C6220ED007E3722 /* Sources */,
				83EBB3FF1C6220ED007E3722 /* Frameworks */,
				83EBB4001C6220ED007E3722 /* Resources */,
			);
			buildRules = (
			);
			dependencies = (
			);
			name = PartyMaker;
			productName = PartyMaker;
			productReference = 83EBB4021C6220ED007E3722 /* PartyMaker.app */;
			productType = "com.apple.product-type.application";
		};
		83EBB41A1C6220ED007E3722 /* PartyMakerTests */ = {
			isa = PBXNativeTarget;
			buildConfigurationList = 83EBB4321C6220ED007E3722 /* Build configuration list for PBXNativeTarget "PartyMakerTests" */;
			buildPhases = (
				83EBB4171C6220ED007E3722 /* Sources */,
				83EBB4181C6220ED007E3722 /* Frameworks */,
				83EBB4191C6220ED007E3722 /* Resources */,
			);
			buildRules = (
			);
			dependencies = (
				83EBB41D1C6220ED007E3722 /* PBXTargetDependency */,
			);
			name = PartyMakerTests;
			productName = PartyMakerTests;
			productReference = 83EBB41B1C6220ED007E3722 /* PartyMakerTests.xctest */;
			productType = "com.apple.product-type.bundle.unit-test";
		};
		83EBB4251C6220ED007E3722 /* PartyMakerUITests */ = {
			isa = PBXNativeTarget;
			buildConfigurationList = 83EBB4351C6220ED007E3722 /* Build configuration list for PBXNativeTarget "PartyMakerUITests" */;
			buildPhases = (
				83EBB4221C6220ED007E3722 /* Sources */,
				83EBB4231C6220ED007E3722 /* Frameworks */,
				83EBB4241C6220ED007E3722 /* Resources */,
			);
			buildRules = (
			);
			dependencies = (
				83EBB4281C6220ED007E3722 /* PBXTargetDependency */,
			);
			name = PartyMakerUITests;
			productName = PartyMakerUITests;
			productReference = 83EBB4261C6220ED007E3722 /* PartyMakerUITests.xctest */;
			productType = "com.apple.product-type.bundle.ui-testing";
		};
/* End PBXNativeTarget section */

/* Begin PBXProject section */
		83EBB3FA1C6220ED007E3722 /* Project object */ = {
			isa = PBXProject;
			attributes = {
				LastUpgradeCheck = 0720;
				ORGANIZATIONNAME = TonyStar;
				TargetAttributes = {
					83EBB4011C6220ED007E3722 = {
						CreatedOnToolsVersion = 7.2;
					};
					83EBB41A1C6220ED007E3722 = {
						CreatedOnToolsVersion = 7.2;
						TestTargetID = 83EBB4011C6220ED007E3722;
					};
					83EBB4251C6220ED007E3722 = {
						CreatedOnToolsVersion = 7.2;
						TestTargetID = 83EBB4011C6220ED007E3722;
					};
				};
			};
			buildConfigurationList = 83EBB3FD1C6220ED007E3722 /* Build configuration list for PBXProject "PartyMaker" */;
			compatibilityVersion = "Xcode 3.2";
			developmentRegion = English;
			hasScannedForEncodings = 0;
			knownRegions = (
				en,
				Base,
			);
			mainGroup = 83EBB3F91C6220ED007E3722;
			productRefGroup = 83EBB4031C6220ED007E3722 /* Products */;
			projectDirPath = "";
			projectRoot = "";
			targets = (
				83EBB4011C6220ED007E3722 /* PartyMaker */,
				83EBB41A1C6220ED007E3722 /* PartyMakerTests */,
				83EBB4251C6220ED007E3722 /* PartyMakerUITests */,
			);
		};
/* End PBXProject section */

/* Begin PBXResourcesBuildPhase section */
		83EBB4001C6220ED007E3722 /* Resources */ = {
			isa = PBXResourcesBuildPhase;
			buildActionMask = 2147483647;
			files = (
				83EBB4151C6220ED007E3722 /* LaunchScreen.storyboard in Resources */,
				83EBB4121C6220ED007E3722 /* Assets.xcassets in Resources */,
				83EBB4101C6220ED007E3722 /* Main.storyboard in Resources */,
			);
			runOnlyForDeploymentPostprocessing = 0;
		};
		83EBB4191C6220ED007E3722 /* Resources */ = {
			isa = PBXResourcesBuildPhase;
			buildActionMask = 2147483647;
			files = (
			);
			runOnlyForDeploymentPostprocessing = 0;
		};
		83EBB4241C6220ED007E3722 /* Resources */ = {
			isa = PBXResourcesBuildPhase;
			buildActionMask = 2147483647;
			files = (
			);
			runOnlyForDeploymentPostprocessing = 0;
		};
/* End PBXResourcesBuildPhase section */

/* Begin PBXSourcesBuildPhase section */
		83EBB3FE1C6220ED007E3722 /* Sources */ = {
			isa = PBXSourcesBuildPhase;
			buildActionMask = 2147483647;
			files = (
				83EBB40D1C6220ED007E3722 /* SUNViewController.m in Sources */,
				83EBB40A1C6220ED007E3722 /* SUNAppDelegate.m in Sources */,
				83EBB43A1C622DA5007E3722 /* SUNMakingPartyVC.m in Sources */,
				83EBB4071C6220ED007E3722 /* main.m in Sources */,
			);
			runOnlyForDeploymentPostprocessing = 0;
		};
		83EBB4171C6220ED007E3722 /* Sources */ = {
			isa = PBXSourcesBuildPhase;
			buildActionMask = 2147483647;
			files = (
				83EBB4201C6220ED007E3722 /* PartyMakerTests.m in Sources */,
			);
			runOnlyForDeploymentPostprocessing = 0;
		};
		83EBB4221C6220ED007E3722 /* Sources */ = {
			isa = PBXSourcesBuildPhase;
			buildActionMask = 2147483647;
			files = (
				83EBB42B1C6220ED007E3722 /* PartyMakerUITests.m in Sources */,
			);
			runOnlyForDeploymentPostprocessing = 0;
		};
/* End PBXSourcesBuildPhase section */

/* Begin PBXTargetDependency section */
		83EBB41D1C6220ED007E3722 /* PBXTargetDependency */ = {
			isa = PBXTargetDependency;
			target = 83EBB4011C6220ED007E3722 /* PartyMaker */;
			targetProxy = 83EBB41C1C6220ED007E3722 /* PBXContainerItemProxy */;
		};
		83EBB4281C6220ED007E3722 /* PBXTargetDependency */ = {
			isa = PBXTargetDependency;
			target = 83EBB4011C6220ED007E3722 /* PartyMaker */;
			targetProxy = 83EBB4271C6220ED007E3722 /* PBXContainerItemProxy */;
		};
/* End PBXTargetDependency section */

/* Begin PBXVariantGroup section */
		83EBB40E1C6220ED007E3722 /* Main.storyboard */ = {
			isa = PBXVariantGroup;
			children = (
				83EBB40F1C6220ED007E3722 /* Base */,
			);
			name = Main.storyboard;
			sourceTree = "<group>";
		};
		83EBB4131C6220ED007E3722 /* LaunchScreen.storyboard */ = {
			isa = PBXVariantGroup;
			children = (
				83EBB4141C6220ED007E3722 /* Base */,
			);
			name = LaunchScreen.storyboard;
			sourceTree = "<group>";
		};
/* End PBXVariantGroup section */

/* Begin XCBuildConfiguration section */
		83EBB42D1C6220ED007E3722 /* Debug */ = {
			isa = XCBuildConfiguration;
			buildSettings = {
				ALWAYS_SEARCH_USER_PATHS = NO;
				CLANG_CXX_LANGUAGE_STANDARD = "gnu++0x";
				CLANG_CXX_LIBRARY = "libc++";
				CLANG_ENABLE_MODULES = YES;
				CLANG_ENABLE_OBJC_ARC = YES;
				CLANG_WARN_BOOL_CONVERSION = YES;
				CLANG_WARN_CONSTANT_CONVERSION = YES;
				CLANG_WARN_DIRECT_OBJC_ISA_USAGE = YES_ERROR;
				CLANG_WARN_EMPTY_BODY = YES;
				CLANG_WARN_ENUM_CONVERSION = YES;
				CLANG_WARN_INT_CONVERSION = YES;
				CLANG_WARN_OBJC_ROOT_CLASS = YES_ERROR;
				CLANG_WARN_UNREACHABLE_CODE = YES;
				CLANG_WARN__DUPLICATE_METHOD_MATCH = YES;
				"CODE_SIGN_IDENTITY[sdk=iphoneos*]" = "iPhone Developer";
				COPY_PHASE_STRIP = NO;
				DEBUG_INFORMATION_FORMAT = dwarf;
				ENABLE_STRICT_OBJC_MSGSEND = YES;
				ENABLE_TESTABILITY = YES;
				GCC_C_LANGUAGE_STANDARD = gnu99;
				GCC_DYNAMIC_NO_PIC = NO;
				GCC_NO_COMMON_BLOCKS = YES;
				GCC_OPTIMIZATION_LEVEL = 0;
				GCC_PREPROCESSOR_DEFINITIONS = (
					"DEBUG=1",
					"$(inherited)",
				);
				GCC_WARN_64_TO_32_BIT_CONVERSION = YES;
				GCC_WARN_ABOUT_RETURN_TYPE = YES_ERROR;
				GCC_WARN_UNDECLARED_SELECTOR = YES;
				GCC_WARN_UNINITIALIZED_AUTOS = YES_AGGRESSIVE;
				GCC_WARN_UNUSED_FUNCTION = YES;
				GCC_WARN_UNUSED_VARIABLE = YES;
				IPHONEOS_DEPLOYMENT_TARGET = 9.2;
				MTL_ENABLE_DEBUG_INFO = YES;
				ONLY_ACTIVE_ARCH = YES;
				SDKROOT = iphoneos;
			};
			name = Debug;
		};
		83EBB42E1C6220ED007E3722 /* Release */ = {
			isa = XCBuildConfiguration;
			buildSettings = {
				ALWAYS_SEARCH_USER_PATHS = NO;
				CLANG_CXX_LANGUAGE_STANDARD = "gnu++0x";
				CLANG_CXX_LIBRARY = "libc++";
				CLANG_ENABLE_MODULES = YES;
				CLANG_ENABLE_OBJC_ARC = YES;
				CLANG_WARN_BOOL_CONVERSION = YES;
				CLANG_WARN_CONSTANT_CONVERSION = YES;
				CLANG_WARN_DIRECT_OBJC_ISA_USAGE = YES_ERROR;
				CLANG_WARN_EMPTY_BODY = YES;
				CLANG_WARN_ENUM_CONVERSION = YES;
				CLANG_WARN_INT_CONVERSION = YES;
				CLANG_WARN_OBJC_ROOT_CLASS = YES_ERROR;
				CLANG_WARN_UNREACHABLE_CODE = YES;
				CLANG_WARN__DUPLICATE_METHOD_MATCH = YES;
				"CODE_SIGN_IDENTITY[sdk=iphoneos*]" = "iPhone Developer";
				COPY_PHASE_STRIP = NO;
				DEBUG_INFORMATION_FORMAT = "dwarf-with-dsym";
				ENABLE_NS_ASSERTIONS = NO;
				ENABLE_STRICT_OBJC_MSGSEND = YES;
				GCC_C_LANGUAGE_STANDARD = gnu99;
				GCC_NO_COMMON_BLOCKS = YES;
				GCC_WARN_64_TO_32_BIT_CONVERSION = YES;
				GCC_WARN_ABOUT_RETURN_TYPE = YES_ERROR;
				GCC_WARN_UNDECLARED_SELECTOR = YES;
				GCC_WARN_UNINITIALIZED_AUTOS = YES_AGGRESSIVE;
				GCC_WARN_UNUSED_FUNCTION = YES;
				GCC_WARN_UNUSED_VARIABLE = YES;
				IPHONEOS_DEPLOYMENT_TARGET = 9.2;
				MTL_ENABLE_DEBUG_INFO = NO;
				SDKROOT = iphoneos;
				VALIDATE_PRODUCT = YES;
			};
			name = Release;
		};
		83EBB4301C6220ED007E3722 /* Debug */ = {
			isa = XCBuildConfiguration;
			buildSettings = {
				ASSETCATALOG_COMPILER_APPICON_NAME = AppIcon;
				CODE_SIGN_IDENTITY = "iPhone Developer";
				INFOPLIST_FILE = PartyMaker/Info.plist;
				LD_RUNPATH_SEARCH_PATHS = "$(inherited) @executable_path/Frameworks";
				PRODUCT_BUNDLE_IDENTIFIER = TS.PartyMaker;
				PRODUCT_NAME = "$(TARGET_NAME)";
			};
			name = Debug;
		};
		83EBB4311C6220ED007E3722 /* Release */ = {
			isa = XCBuildConfiguration;
			buildSettings = {
				ASSETCATALOG_COMPILER_APPICON_NAME = AppIcon;
				CODE_SIGN_IDENTITY = "iPhone Developer";
				INFOPLIST_FILE = PartyMaker/Info.plist;
				LD_RUNPATH_SEARCH_PATHS = "$(inherited) @executable_path/Frameworks";
				PRODUCT_BUNDLE_IDENTIFIER = TS.PartyMaker;
				PRODUCT_NAME = "$(TARGET_NAME)";
			};
			name = Release;
		};
		83EBB4331C6220ED007E3722 /* Debug */ = {
			isa = XCBuildConfiguration;
			buildSettings = {
				BUNDLE_LOADER = "$(TEST_HOST)";
				INFOPLIST_FILE = PartyMakerTests/Info.plist;
				LD_RUNPATH_SEARCH_PATHS = "$(inherited) @executable_path/Frameworks @loader_path/Frameworks";
				PRODUCT_BUNDLE_IDENTIFIER = TS.PartyMakerTests;
				PRODUCT_NAME = "$(TARGET_NAME)";
				TEST_HOST = "$(BUILT_PRODUCTS_DIR)/PartyMaker.app/PartyMaker";
			};
			name = Debug;
		};
		83EBB4341C6220ED007E3722 /* Release */ = {
			isa = XCBuildConfiguration;
			buildSettings = {
				BUNDLE_LOADER = "$(TEST_HOST)";
				INFOPLIST_FILE = PartyMakerTests/Info.plist;
				LD_RUNPATH_SEARCH_PATHS = "$(inherited) @executable_path/Frameworks @loader_path/Frameworks";
				PRODUCT_BUNDLE_IDENTIFIER = TS.PartyMakerTests;
				PRODUCT_NAME = "$(TARGET_NAME)";
				TEST_HOST = "$(BUILT_PRODUCTS_DIR)/PartyMaker.app/PartyMaker";
			};
			name = Release;
		};
		83EBB4361C6220ED007E3722 /* Debug */ = {
			isa = XCBuildConfiguration;
			buildSettings = {
				INFOPLIST_FILE = PartyMakerUITests/Info.plist;
				LD_RUNPATH_SEARCH_PATHS = "$(inherited) @executable_path/Frameworks @loader_path/Frameworks";
				PRODUCT_BUNDLE_IDENTIFIER = TS.PartyMakerUITests;
				PRODUCT_NAME = "$(TARGET_NAME)";
				TEST_TARGET_NAME = PartyMaker;
				USES_XCTRUNNER = YES;
			};
			name = Debug;
		};
		83EBB4371C6220ED007E3722 /* Release */ = {
			isa = XCBuildConfiguration;
			buildSettings = {
				INFOPLIST_FILE = PartyMakerUITests/Info.plist;
				LD_RUNPATH_SEARCH_PATHS = "$(inherited) @executable_path/Frameworks @loader_path/Frameworks";
				PRODUCT_BUNDLE_IDENTIFIER = TS.PartyMakerUITests;
				PRODUCT_NAME = "$(TARGET_NAME)";
				TEST_TARGET_NAME = PartyMaker;
				USES_XCTRUNNER = YES;
			};
			name = Release;
		};
/* End XCBuildConfiguration section */

/* Begin XCConfigurationList section */
		83EBB3FD1C6220ED007E3722 /* Build configuration list for PBXProject "PartyMaker" */ = {
			isa = XCConfigurationList;
			buildConfigurations = (
				83EBB42D1C6220ED007E3722 /* Debug */,
				83EBB42E1C6220ED007E3722 /* Release */,
			);
			defaultConfigurationIsVisible = 0;
			defaultConfigurationName = Release;
		};
		83EBB42F1C6220ED007E3722 /* Build configuration list for PBXNativeTarget "PartyMaker" */ = {
			isa = XCConfigurationList;
			buildConfigurations = (
				83EBB4301C6220ED007E3722 /* Debug */,
				83EBB4311C6220ED007E3722 /* Release */,
			);
			defaultConfigurationIsVisible = 0;
			defaultConfigurationName = Release;
		};
		83EBB4321C6220ED007E3722 /* Build configuration list for PBXNativeTarget "PartyMakerTests" */ = {
			isa = XCConfigurationList;
			buildConfigurations = (
				83EBB4331C6220ED007E3722 /* Debug */,
				83EBB4341C6220ED007E3722 /* Release */,
			);
			defaultConfigurationIsVisible = 0;
			defaultConfigurationName = Release;
		};
		83EBB4351C6220ED007E3722 /* Build configuration list for PBXNativeTarget "PartyMakerUITests" */ = {
			isa = XCConfigurationList;
			buildConfigurations = (
				83EBB4361C6220ED007E3722 /* Debug */,
				83EBB4371C6220ED007E3722 /* Release */,
			);
			defaultConfigurationIsVisible = 0;
			defaultConfigurationName = Release;
		};
/* End XCConfigurationList section */
	};
	rootObject = 83EBB3FA1C6220ED007E3722 /* Project object */;
}
